// !$*UTF8*$!
{
	archiveVersion = 1;
	classes = {
	};
	objectVersion = 77;
	objects = {

/* Begin PBXBuildFile section */
		0E7010ED2ECFB4B30097DCF0 /* FirebaseAuth in Frameworks */ = {isa = PBXBuildFile; productRef = 0E7010EC2ECFB4B30097DCF0 /* FirebaseAuth */; };
		0E7010EF2ECFB4B30097DCF0 /* FirebaseFirestore in Frameworks */ = {isa = PBXBuildFile; productRef = 0E7010EE2ECFB4B30097DCF0 /* FirebaseFirestore */; };
		0E7010F12ECFB4B30097DCF0 /* FirebaseStorage in Frameworks */ = {isa = PBXBuildFile; productRef = 0E7010F02ECFB4B30097DCF0 /* FirebaseStorage */; };
		0E7013D12ECFCE6B0097DCF0 /* GoogleSignIn in Frameworks */ = {isa = PBXBuildFile; productRef = 0E7013D02ECFCE6B0097DCF0 /* GoogleSignIn */; };
		0E7013D32ECFCE6B0097DCF0 /* GoogleSignInSwift in Frameworks */ = {isa = PBXBuildFile; productRef = 0E7013D22ECFCE6B0097DCF0 /* GoogleSignInSwift */; };
		0E7013E12ECFDAEB0097DCF0 /* Kingfisher in Frameworks */ = {isa = PBXBuildFile; productRef = 0E7013E02ECFDAEB0097DCF0 /* Kingfisher */; };
/* End PBXBuildFile section */

/* Begin PBXFileReference section */
		0E7010D32ECFB1F40097DCF0 /* SimpleIG.app */ = {isa = PBXFileReference; explicitFileType = wrapper.application; includeInIndex = 0; path = SimpleIG.app; sourceTree = BUILT_PRODUCTS_DIR; };
/* End PBXFileReference section */

/* Begin PBXFileSystemSynchronizedBuildFileExceptionSet section */
		0E7010E52ECFB1F60097DCF0 /* Exceptions for "SimpleIG" folder in "SimpleIG" target */ = {
			isa = PBXFileSystemSynchronizedBuildFileExceptionSet;
			membershipExceptions = (
				Info.plist,
			);
			target = 0E7010D22ECFB1F40097DCF0 /* SimpleIG */;
		};
/* End PBXFileSystemSynchronizedBuildFileExceptionSet section */

/* Begin PBXFileSystemSynchronizedRootGroup section */
		0E7010D52ECFB1F40097DCF0 /* SimpleIG */ = {
			isa = PBXFileSystemSynchronizedRootGroup;
			exceptions = (
				0E7010E52ECFB1F60097DCF0 /* Exceptions for "SimpleIG" folder in "SimpleIG" target */,
			);
			path = SimpleIG;
			sourceTree = "<group>";
		};
/* End PBXFileSystemSynchronizedRootGroup section */

/* Begin PBXFrameworksBuildPhase section */
		0E7010D02ECFB1F40097DCF0 /* Frameworks */ = {
			isa = PBXFrameworksBuildPhase;
			buildActionMask = 2147483647;
			files = (
				0E7013E12ECFDAEB0097DCF0 /* Kingfisher in Frameworks */,
				0E7013D32ECFCE6B0097DCF0 /* GoogleSignInSwift in Frameworks */,
				0E7010ED2ECFB4B30097DCF0 /* FirebaseAuth in Frameworks */,
				0E7013D12ECFCE6B0097DCF0 /* GoogleSignIn in Frameworks */,
				0E7010EF2ECFB4B30097DCF0 /* FirebaseFirestore in Frameworks */,
				0E7010F12ECFB4B30097DCF0 /* FirebaseStorage in Frameworks */,
			);
			runOnlyForDeploymentPostprocessing = 0;
		};
/* End PBXFrameworksBuildPhase section */

/* Begin PBXGroup section */
		0E7010CA2ECFB1F40097DCF0 = {
			isa = PBXGroup;
			children = (
				0E7010D52ECFB1F40097DCF0 /* SimpleIG */,
				0E7010D42ECFB1F40097DCF0 /* Products */,
			);
			sourceTree = "<group>";
		};
		0E7010D42ECFB1F40097DCF0 /* Products */ = {
			isa = PBXGroup;
			children = (
				0E7010D32ECFB1F40097DCF0 /* SimpleIG.app */,
			);
			name = Products;
			sourceTree = "<group>";
		};
/* End PBXGroup section */

/* Begin PBXNativeTarget section */
		0E7010D22ECFB1F40097DCF0 /* SimpleIG */ = {
			isa = PBXNativeTarget;
			buildConfigurationList = 0E7010E62ECFB1F60097DCF0 /* Build configuration list for PBXNativeTarget "SimpleIG" */;
			buildPhases = (
				0E7010CF2ECFB1F40097DCF0 /* Sources */,
				0E7010D02ECFB1F40097DCF0 /* Frameworks */,
				0E7010D12ECFB1F40097DCF0 /* Resources */,
			);
			buildRules = (
			);
			dependencies = (
			);
			fileSystemSynchronizedGroups = (
				0E7010D52ECFB1F40097DCF0 /* SimpleIG */,
			);
			name = SimpleIG;
			packageProductDependencies = (
				0E7010EC2ECFB4B30097DCF0 /* FirebaseAuth */,
				0E7010EE2ECFB4B30097DCF0 /* FirebaseFirestore */,
				0E7010F02ECFB4B30097DCF0 /* FirebaseStorage */,
				0E7013D02ECFCE6B0097DCF0 /* GoogleSignIn */,
				0E7013D22ECFCE6B0097DCF0 /* GoogleSignInSwift */,
				0E7013E02ECFDAEB0097DCF0 /* Kingfisher */,
			);
			productName = SimpleIG;
			productReference = 0E7010D32ECFB1F40097DCF0 /* SimpleIG.app */;
			productType = "com.apple.product-type.application";
		};
/* End PBXNativeTarget section */

/* Begin PBXProject section */
		0E7010CB2ECFB1F40097DCF0 /* Project object */ = {
			isa = PBXProject;
			attributes = {
				BuildIndependentTargetsInParallel = 1;
				LastSwiftUpdateCheck = 1610;
				LastUpgradeCheck = 1610;
				TargetAttributes = {
					0E7010D22ECFB1F40097DCF0 = {
						CreatedOnToolsVersion = 16.1;
					};
				};
			};
			buildConfigurationList = 0E7010CE2ECFB1F40097DCF0 /* Build configuration list for PBXProject "SimpleIG" */;
			developmentRegion = en;
			hasScannedForEncodings = 0;
			knownRegions = (
				en,
				Base,
			);
			mainGroup = 0E7010CA2ECFB1F40097DCF0;
			minimizedProjectReferenceProxies = 1;
			packageReferences = (
				0E7010EB2ECFB4B30097DCF0 /* XCRemoteSwiftPackageReference "firebase-ios-sdk" */,
				0E7013CF2ECFCE6B0097DCF0 /* XCRemoteSwiftPackageReference "GoogleSignIn-iOS" */,
				0E7013DF2ECFDAEB0097DCF0 /* XCRemoteSwiftPackageReference "Kingfisher" */,
			);
			preferredProjectObjectVersion = 77;
			productRefGroup = 0E7010D42ECFB1F40097DCF0 /* Products */;
			projectDirPath = "";
			projectRoot = "";
			targets = (
				0E7010D22ECFB1F40097DCF0 /* SimpleIG */,
			);
		};
/* End PBXProject section */

/* Begin PBXResourcesBuildPhase section */
		0E7010D12ECFB1F40097DCF0 /* Resources */ = {
			isa = PBXResourcesBuildPhase;
			buildActionMask = 2147483647;
			files = (
			);
			runOnlyForDeploymentPostprocessing = 0;
		};
/* End PBXResourcesBuildPhase section */

/* Begin PBXSourcesBuildPhase section */
		0E7010CF2ECFB1F40097DCF0 /* Sources */ = {
			isa = PBXSourcesBuildPhase;
			buildActionMask = 2147483647;
			files = (
			);
			runOnlyForDeploymentPostprocessing = 0;
		};
/* End PBXSourcesBuildPhase section */

/* Begin XCBuildConfiguration section */
		0E7010E72ECFB1F60097DCF0 /* Debug */ = {
			isa = XCBuildConfiguration;
			buildSettings = {
				ASSETCATALOG_COMPILER_APPICON_NAME = AppIcon;
				ASSETCATALOG_COMPILER_GLOBAL_ACCENT_COLOR_NAME = AccentColor;
				CODE_SIGN_STYLE = Automatic;
				CURRENT_PROJECT_VERSION = 1;
				DEVELOPMENT_TEAM = ZX9XPCSA65;
				GENERATE_INFOPLIST_FILE = YES;
				INFOPLIST_FILE = SimpleIG/Info.plist;
				INFOPLIST_KEY_UIApplicationSupportsIndirectInputEvents = YES;
				INFOPLIST_KEY_UILaunchStoryboardName = LaunchScreen;
				INFOPLIST_KEY_UISupportedInterfaceOrientations_iPad = "UIInterfaceOrientationPortrait UIInterfaceOrientationPortraitUpsideDown UIInterfaceOrientationLandscapeLeft UIInterfaceOrientationLandscapeRight";
				INFOPLIST_KEY_UISupportedInterfaceOrientations_iPhone = "UIInterfaceOrientationPortrait UIInterfaceOrientationLandscapeLeft UIInterfaceOrientationLandscapeRight";
				LD_RUNPATH_SEARCH_PATHS = (
					"$(inherited)",
					"@executable_path/Frameworks",
				);
				MARKETING_VERSION = 1.0;
				PRODUCT_BUNDLE_IDENTIFIER = com.ahmadshiddiq.Instagram;
				PRODUCT_NAME = "$(TARGET_NAME)";
				SWIFT_EMIT_LOC_STRINGS = YES;
				SWIFT_VERSION = 5.0;
				TARGETED_DEVICE_FAMILY = "1,2";
			};
			name = Debug;
		};
		0E7010E82ECFB1F60097DCF0 /* Release */ = {
			isa = XCBuildConfiguration;
			buildSettings = {
				ASSETCATALOG_COMPILER_APPICON_NAME = AppIcon;
				ASSETCATALOG_COMPILER_GLOBAL_ACCENT_COLOR_NAME = AccentColor;
				CODE_SIGN_STYLE = Automatic;
				CURRENT_PROJECT_VERSION = 1;
				DEVELOPMENT_TEAM = ZX9XPCSA65;
				GENERATE_INFOPLIST_FILE = YES;
				INFOPLIST_FILE = SimpleIG/Info.plist;
				INFOPLIST_KEY_UIApplicationSupportsIndirectInputEvents = YES;
				INFOPLIST_KEY_UILaunchStoryboardName = LaunchScreen;
				INFOPLIST_KEY_UISupportedInterfaceOrientations_iPad = "UIInterfaceOrientationPortrait UIInterfaceOrientationPortraitUpsideDown UIInterfaceOrientationLandscapeLeft UIInterfaceOrientationLandscapeRight";
				INFOPLIST_KEY_UISupportedInterfaceOrientations_iPhone = "UIInterfaceOrientationPortrait UIInterfaceOrientationLandscapeLeft UIInterfaceOrientationLandscapeRight";
				LD_RUNPATH_SEARCH_PATHS = (
					"$(inherited)",
					"@executable_path/Frameworks",
				);
				MARKETING_VERSION = 1.0;
				PRODUCT_BUNDLE_IDENTIFIER = com.ahmadshiddiq.Instagram;
				PRODUCT_NAME = "$(TARGET_NAME)";
				SWIFT_EMIT_LOC_STRINGS = YES;
				SWIFT_VERSION = 5.0;
				TARGETED_DEVICE_FAMILY = "1,2";
			};
			name = Release;
		};
		0E7010E92ECFB1F60097DCF0 /* Debug */ = {
			isa = XCBuildConfiguration;
			buildSettings = {
				ALWAYS_SEARCH_USER_PATHS = NO;
				ASSETCATALOG_COMPILER_GENERATE_SWIFT_ASSET_SYMBOL_EXTENSIONS = YES;
				CLANG_ANALYZER_NONNULL = YES;
				CLANG_ANALYZER_NUMBER_OBJECT_CONVERSION = YES_AGGRESSIVE;
				CLANG_CXX_LANGUAGE_STANDARD = "gnu++20";
				CLANG_ENABLE_MODULES = YES;
				CLANG_ENABLE_OBJC_ARC = YES;
				CLANG_ENABLE_OBJC_WEAK = YES;
				CLANG_WARN_BLOCK_CAPTURE_AUTORELEASING = YES;
				CLANG_WARN_BOOL_CONVERSION = YES;
				CLANG_WARN_COMMA = YES;
				CLANG_WARN_CONSTANT_CONVERSION = YES;
				CLANG_WARN_DEPRECATED_OBJC_IMPLEMENTATIONS = YES;
				CLANG_WARN_DIRECT_OBJC_ISA_USAGE = YES_ERROR;
				CLANG_WARN_DOCUMENTATION_COMMENTS = YES;
				CLANG_WARN_EMPTY_BODY = YES;
				CLANG_WARN_ENUM_CONVERSION = YES;
				CLANG_WARN_INFINITE_RECURSION = YES;
				CLANG_WARN_INT_CONVERSION = YES;
				CLANG_WARN_NON_LITERAL_NULL_CONVERSION = YES;
				CLANG_WARN_OBJC_IMPLICIT_RETAIN_SELF = YES;
				CLANG_WARN_OBJC_LITERAL_CONVERSION = YES;
				CLANG_WARN_OBJC_ROOT_CLASS = YES_ERROR;
				CLANG_WARN_QUOTED_INCLUDE_IN_FRAMEWORK_HEADER = YES;
				CLANG_WARN_RANGE_LOOP_ANALYSIS = YES;
				CLANG_WARN_STRICT_PROTOTYPES = YES;
				CLANG_WARN_SUSPICIOUS_MOVE = YES;
				CLANG_WARN_UNGUARDED_AVAILABILITY = YES_AGGRESSIVE;
				CLANG_WARN_UNREACHABLE_CODE = YES;
				CLANG_WARN__DUPLICATE_METHOD_MATCH = YES;
				COPY_PHASE_STRIP = NO;
				DEBUG_INFORMATION_FORMAT = dwarf;
				ENABLE_STRICT_OBJC_MSGSEND = YES;
				ENABLE_TESTABILITY = YES;
				ENABLE_USER_SCRIPT_SANDBOXING = YES;
				GCC_C_LANGUAGE_STANDARD = gnu17;
				GCC_DYNAMIC_NO_PIC = NO;
				GCC_NO_COMMON_BLOCKS = YES;
				GCC_OPTIMIZATION_LEVEL = 0;
				GCC_PREPROCESSOR_DEFINITIONS = (
					"DEBUG=1",
					"$(inherited)",
				);
				GCC_WARN_64_TO_32_BIT_CONVERSION = YES;
				GCC_WARN_ABOUT_RETURN_TYPE = YES_ERROR;
				GCC_WARN_UNDECLARED_SELECTOR = YES;
				GCC_WARN_UNINITIALIZED_AUTOS = YES_AGGRESSIVE;
				GCC_WARN_UNUSED_FUNCTION = YES;
				GCC_WARN_UNUSED_VARIABLE = YES;
				IPHONEOS_DEPLOYMENT_TARGET = 18.1;
				LOCALIZATION_PREFERS_STRING_CATALOGS = YES;
				MTL_ENABLE_DEBUG_INFO = INCLUDE_SOURCE;
				MTL_FAST_MATH = YES;
				ONLY_ACTIVE_ARCH = YES;
				SDKROOT = iphoneos;
				SWIFT_ACTIVE_COMPILATION_CONDITIONS = "DEBUG $(inherited)";
				SWIFT_OPTIMIZATION_LEVEL = "-Onone";
			};
			name = Debug;
		};
		0E7010EA2ECFB1F60097DCF0 /* Release */ = {
			isa = XCBuildConfiguration;
			buildSettings = {
				ALWAYS_SEARCH_USER_PATHS = NO;
				ASSETCATALOG_COMPILER_GENERATE_SWIFT_ASSET_SYMBOL_EXTENSIONS = YES;
				CLANG_ANALYZER_NONNULL = YES;
				CLANG_ANALYZER_NUMBER_OBJECT_CONVERSION = YES_AGGRESSIVE;
				CLANG_CXX_LANGUAGE_STANDARD = "gnu++20";
				CLANG_ENABLE_MODULES = YES;
				CLANG_ENABLE_OBJC_ARC = YES;
				CLANG_ENABLE_OBJC_WEAK = YES;
				CLANG_WARN_BLOCK_CAPTURE_AUTORELEASING = YES;
				CLANG_WARN_BOOL_CONVERSION = YES;
				CLANG_WARN_COMMA = YES;
				CLANG_WARN_CONSTANT_CONVERSION = YES;
				CLANG_WARN_DEPRECATED_OBJC_IMPLEMENTATIONS = YES;
				CLANG_WARN_DIRECT_OBJC_ISA_USAGE = YES_ERROR;
				CLANG_WARN_DOCUMENTATION_COMMENTS = YES;
				CLANG_WARN_EMPTY_BODY = YES;
				CLANG_WARN_ENUM_CONVERSION = YES;
				CLANG_WARN_INFINITE_RECURSION = YES;
				CLANG_WARN_INT_CONVERSION = YES;
				CLANG_WARN_NON_LITERAL_NULL_CONVERSION = YES;
				CLANG_WARN_OBJC_IMPLICIT_RETAIN_SELF = YES;
				CLANG_WARN_OBJC_LITERAL_CONVERSION = YES;
				CLANG_WARN_OBJC_ROOT_CLASS = YES_ERROR;
				CLANG_WARN_QUOTED_INCLUDE_IN_FRAMEWORK_HEADER = YES;
				CLANG_WARN_RANGE_LOOP_ANALYSIS = YES;
				CLANG_WARN_STRICT_PROTOTYPES = YES;
				CLANG_WARN_SUSPICIOUS_MOVE = YES;
				CLANG_WARN_UNGUARDED_AVAILABILITY = YES_AGGRESSIVE;
				CLANG_WARN_UNREACHABLE_CODE = YES;
				CLANG_WARN__DUPLICATE_METHOD_MATCH = YES;
				COPY_PHASE_STRIP = NO;
				DEBUG_INFORMATION_FORMAT = "dwarf-with-dsym";
				ENABLE_NS_ASSERTIONS = NO;
				ENABLE_STRICT_OBJC_MSGSEND = YES;
				ENABLE_USER_SCRIPT_SANDBOXING = YES;
				GCC_C_LANGUAGE_STANDARD = gnu17;
				GCC_NO_COMMON_BLOCKS = YES;
				GCC_WARN_64_TO_32_BIT_CONVERSION = YES;
				GCC_WARN_ABOUT_RETURN_TYPE = YES_ERROR;
				GCC_WARN_UNDECLARED_SELECTOR = YES;
				GCC_WARN_UNINITIALIZED_AUTOS = YES_AGGRESSIVE;
				GCC_WARN_UNUSED_FUNCTION = YES;
				GCC_WARN_UNUSED_VARIABLE = YES;
				IPHONEOS_DEPLOYMENT_TARGET = 18.1;
				LOCALIZATION_PREFERS_STRING_CATALOGS = YES;
				MTL_ENABLE_DEBUG_INFO = NO;
				MTL_FAST_MATH = YES;
				SDKROOT = iphoneos;
				SWIFT_COMPILATION_MODE = wholemodule;
				VALIDATE_PRODUCT = YES;
			};
			name = Release;
		};
/* End XCBuildConfiguration section */

/* Begin XCConfigurationList section */
		0E7010CE2ECFB1F40097DCF0 /* Build configuration list for PBXProject "SimpleIG" */ = {
			isa = XCConfigurationList;
			buildConfigurations = (
				0E7010E92ECFB1F60097DCF0 /* Debug */,
				0E7010EA2ECFB1F60097DCF0 /* Release */,
			);
			defaultConfigurationIsVisible = 0;
			defaultConfigurationName = Release;
		};
		0E7010E62ECFB1F60097DCF0 /* Build configuration list for PBXNativeTarget "SimpleIG" */ = {
			isa = XCConfigurationList;
			buildConfigurations = (
				0E7010E72ECFB1F60097DCF0 /* Debug */,
				0E7010E82ECFB1F60097DCF0 /* Release */,
			);
			defaultConfigurationIsVisible = 0;
			defaultConfigurationName = Release;
		};
/* End XCConfigurationList section */

/* Begin XCRemoteSwiftPackageReference section */
		0E7010EB2ECFB4B30097DCF0 /* XCRemoteSwiftPackageReference "firebase-ios-sdk" */ = {
			isa = XCRemoteSwiftPackageReference;
			repositoryURL = "https://github.com/firebase/firebase-ios-sdk";
			requirement = {
				kind = upToNextMajorVersion;
				minimumVersion = 12.6.0;
			};
		};
		0E7013CF2ECFCE6B0097DCF0 /* XCRemoteSwiftPackageReference "GoogleSignIn-iOS" */ = {
			isa = XCRemoteSwiftPackageReference;
			repositoryURL = "https://github.com/google/GoogleSignIn-iOS";
			requirement = {
				kind = upToNextMajorVersion;
				minimumVersion = 9.0.0;
			};
		};
		0E7013DF2ECFDAEB0097DCF0 /* XCRemoteSwiftPackageReference "Kingfisher" */ = {
			isa = XCRemoteSwiftPackageReference;
			repositoryURL = "https://github.com/onevcat/Kingfisher.git";
			requirement = {
				kind = upToNextMajorVersion;
				minimumVersion = 8.6.2;
			};
		};
/* End XCRemoteSwiftPackageReference section */

/* Begin XCSwiftPackageProductDependency section */
		0E7010EC2ECFB4B30097DCF0 /* FirebaseAuth */ = {
			isa = XCSwiftPackageProductDependency;
			package = 0E7010EB2ECFB4B30097DCF0 /* XCRemoteSwiftPackageReference "firebase-ios-sdk" */;
			productName = FirebaseAuth;
		};
		0E7010EE2ECFB4B30097DCF0 /* FirebaseFirestore */ = {
			isa = XCSwiftPackageProductDependency;
			package = 0E7010EB2ECFB4B30097DCF0 /* XCRemoteSwiftPackageReference "firebase-ios-sdk" */;
			productName = FirebaseFirestore;
		};
		0E7010F02ECFB4B30097DCF0 /* FirebaseStorage */ = {
			isa = XCSwiftPackageProductDependency;
			package = 0E7010EB2ECFB4B30097DCF0 /* XCRemoteSwiftPackageReference "firebase-ios-sdk" */;
			productName = FirebaseStorage;
		};
		0E7013D02ECFCE6B0097DCF0 /* GoogleSignIn */ = {
			isa = XCSwiftPackageProductDependency;
			package = 0E7013CF2ECFCE6B0097DCF0 /* XCRemoteSwiftPackageReference "GoogleSignIn-iOS" */;
			productName = GoogleSignIn;
		};
		0E7013D22ECFCE6B0097DCF0 /* GoogleSignInSwift */ = {
			isa = XCSwiftPackageProductDependency;
			package = 0E7013CF2ECFCE6B0097DCF0 /* XCRemoteSwiftPackageReference "GoogleSignIn-iOS" */;
			productName = GoogleSignInSwift;
		};
		0E7013E02ECFDAEB0097DCF0 /* Kingfisher */ = {
			isa = XCSwiftPackageProductDependency;
			package = 0E7013DF2ECFDAEB0097DCF0 /* XCRemoteSwiftPackageReference "Kingfisher" */;
			productName = Kingfisher;
		};
/* End XCSwiftPackageProductDependency section */
	};
	rootObject = 0E7010CB2ECFB1F40097DCF0 /* Project object */;
}
